
Microsoft Visual Studio Solution File, Format Version 12.00
# Visual Studio Version 17
VisualStudioVersion = 17.9.34728.123
MinimumVisualStudioVersion = 10.0.40219.1
Project("{9A19103F-16F7-4668-BE54-9A1E7A4F7556}") = "Lising", "Lising\Lising.csproj", "{30C3BA1C-CC55-43D2-B907-7FB26204C7E0}"
EndProject
Project("{FAE04EC0-301F-11D3-BF4B-00C04F79EFBC}") = "ProjectManagement.Application", "ProjectManagement.Application\ProjectManagement.Application.csproj", "{C806F213-E555-4129-85DE-781AAB5DD215}"
EndProject
Project("{FAE04EC0-301F-11D3-BF4B-00C04F79EFBC}") = "ProjectManagement.Domain", "ProjectManagement.Domain\ProjectManagement.Domain.csproj", "{201FE734-33F5-4A4B-A702-D4DDC3ED225C}"
EndProject
Project("{FAE04EC0-301F-11D3-BF4B-00C04F79EFBC}") = "ProjectManagement.Infrastructure", "ProjectManagement.Infrastructure\ProjectManagement.Infrastructure.csproj", "{2A5EC659-3279-4CDA-AD31-16CE2BC88520}"
EndProject
Project("{FAE04EC0-301F-11D3-BF4B-00C04F79EFBC}") = "ProjectManagement.Tests", "ProjectManagement.Tests\ProjectManagement.Tests.csproj", "{E1E423BC-6D66-4DEE-9547-448069C5A241}"
EndProject
Global
	GlobalSection(SolutionConfigurationPlatforms) = preSolution
		Debug|Any CPU = Debug|Any CPU
		Release|Any CPU = Release|Any CPU
	EndGlobalSection
	GlobalSection(ProjectConfigurationPlatforms) = postSolution
		{30C3BA1C-CC55-43D2-B907-7FB26204C7E0}.Debug|Any CPU.ActiveCfg = Debug|Any CPU
		{30C3BA1C-CC55-43D2-B907-7FB26204C7E0}.Debug|Any CPU.Build.0 = Debug|Any CPU
		{30C3BA1C-CC55-43D2-B907-7FB26204C7E0}.Release|Any CPU.ActiveCfg = Release|Any CPU
		{30C3BA1C-CC55-43D2-B907-7FB26204C7E0}.Release|Any CPU.Build.0 = Release|Any CPU
		{C806F213-E555-4129-85DE-781AAB5DD215}.Debug|Any CPU.ActiveCfg = Debug|Any CPU
		{C806F213-E555-4129-85DE-781AAB5DD215}.Debug|Any CPU.Build.0 = Debug|Any CPU
		{C806F213-E555-4129-85DE-781AAB5DD215}.Release|Any CPU.ActiveCfg = Release|Any CPU
		{C806F213-E555-4129-85DE-781AAB5DD215}.Release|Any CPU.Build.0 = Release|Any CPU
		{201FE734-33F5-4A4B-A702-D4DDC3ED225C}.Debug|Any CPU.ActiveCfg = Debug|Any CPU
		{201FE734-33F5-4A4B-A702-D4DDC3ED225C}.Debug|Any CPU.Build.0 = Debug|Any CPU
		{201FE734-33F5-4A4B-A702-D4DDC3ED225C}.Release|Any CPU.ActiveCfg = Release|Any CPU
		{201FE734-33F5-4A4B-A702-D4DDC3ED225C}.Release|Any CPU.Build.0 = Release|Any CPU
		{2A5EC659-3279-4CDA-AD31-16CE2BC88520}.Debug|Any CPU.ActiveCfg = Debug|Any CPU
		{2A5EC659-3279-4CDA-AD31-16CE2BC88520}.Debug|Any CPU.Build.0 = Debug|Any CPU
		{2A5EC659-3279-4CDA-AD31-16CE2BC88520}.Release|Any CPU.ActiveCfg = Release|Any CPU
		{2A5EC659-3279-4CDA-AD31-16CE2BC88520}.Release|Any CPU.Build.0 = Release|Any CPU
		{E1E423BC-6D66-4DEE-9547-448069C5A241}.Debug|Any CPU.ActiveCfg = Debug|Any CPU
		{E1E423BC-6D66-4DEE-9547-448069C5A241}.Debug|Any CPU.Build.0 = Debug|Any CPU
		{E1E423BC-6D66-4DEE-9547-448069C5A241}.Release|Any CPU.ActiveCfg = Release|Any CPU
		{E1E423BC-6D66-4DEE-9547-448069C5A241}.Release|Any CPU.Build.0 = Release|Any CPU
	EndGlobalSection
	GlobalSection(SolutionProperties) = preSolution
		HideSolutionNode = FALSE
	EndGlobalSection
	GlobalSection(ExtensibilityGlobals) = postSolution
		SolutionGuid = {2A8B06C8-6BFF-4A32-999A-3F4FC61CC342}
	EndGlobalSection
EndGlobal
